
Microsoft Visual Studio Solution File, Format Version 12.00
# Visual Studio Version 16
VisualStudioVersion = 16.0.30011.22
MinimumVisualStudioVersion = 10.0.40219.1
Project("{FAE04EC0-301F-11D3-BF4B-00C04F79EFBC}") = "MedicalRepresentativeScheduleMicroservice", "MedicalRepresentativeScheduleMicroservice.csproj", "{2937F601-459E-4CD6-8B70-8E40731CC729}"
EndProject
Global
	GlobalSection(SolutionConfigurationPlatforms) = preSolution
		Debug|Any CPU = Debug|Any CPU
		Release|Any CPU = Release|Any CPU
	EndGlobalSection
	GlobalSection(ProjectConfigurationPlatforms) = postSolution
		{2937F601-459E-4CD6-8B70-8E40731CC729}.Debug|Any CPU.ActiveCfg = Debug|Any CPU
		{2937F601-459E-4CD6-8B70-8E40731CC729}.Debug|Any CPU.Build.0 = Debug|Any CPU
		{2937F601-459E-4CD6-8B70-8E40731CC729}.Release|Any CPU.ActiveCfg = Release|Any CPU
		{2937F601-459E-4CD6-8B70-8E40731CC729}.Release|Any CPU.Build.0 = Release|Any CPU
	EndGlobalSection
	GlobalSection(SolutionProperties) = preSolution
		HideSolutionNode = FALSE
	EndGlobalSection
	GlobalSection(ExtensibilityGlobals) = postSolution
		SolutionGuid = {90D91733-BC56-4E36-919F-580E49F2F7AF}
	EndGlobalSection
EndGlobal
